// !$*UTF8*$!
{
	archiveVersion = 1;
	classes = {
	};
	objectVersion = 77;
	objects = {

/* Begin PBXBuildFile section */
		20AA4C782D11A1DF0084C0E9 /* FirebaseAnalytics in Frameworks */ = {isa = PBXBuildFile; productRef = 20AA4C772D11A1DF0084C0E9 /* FirebaseAnalytics */; };
		20AA4C7A2D11A1DF0084C0E9 /* FirebaseAnalyticsOnDeviceConversion in Frameworks */ = {isa = PBXBuildFile; productRef = 20AA4C792D11A1DF0084C0E9 /* FirebaseAnalyticsOnDeviceConversion */; };
		20AA4C7C2D11A1DF0084C0E9 /* FirebaseAnalyticsWithoutAdIdSupport in Frameworks */ = {isa = PBXBuildFile; productRef = 20AA4C7B2D11A1DF0084C0E9 /* FirebaseAnalyticsWithoutAdIdSupport */; };
		20AA4C7E2D11A1DF0084C0E9 /* FirebaseAppCheck in Frameworks */ = {isa = PBXBuildFile; productRef = 20AA4C7D2D11A1DF0084C0E9 /* FirebaseAppCheck */; };
		20AA4C802D11A1DF0084C0E9 /* FirebaseAppDistribution-Beta in Frameworks */ = {isa = PBXBuildFile; productRef = 20AA4C7F2D11A1DF0084C0E9 /* FirebaseAppDistribution-Beta */; };
		20AA4C822D11A1DF0084C0E9 /* FirebaseAuth in Frameworks */ = {isa = PBXBuildFile; productRef = 20AA4C812D11A1DF0084C0E9 /* FirebaseAuth */; };
		20AA4C842D11A1DF0084C0E9 /* FirebaseAuthCombine-Community in Frameworks */ = {isa = PBXBuildFile; productRef = 20AA4C832D11A1DF0084C0E9 /* FirebaseAuthCombine-Community */; };
		20AA4C862D11A1DF0084C0E9 /* FirebaseCore in Frameworks */ = {isa = PBXBuildFile; productRef = 20AA4C852D11A1DF0084C0E9 /* FirebaseCore */; };
		20AA4C882D11A1DF0084C0E9 /* FirebaseCrashlytics in Frameworks */ = {isa = PBXBuildFile; productRef = 20AA4C872D11A1DF0084C0E9 /* FirebaseCrashlytics */; };
		20AA4C8A2D11A1DF0084C0E9 /* FirebaseDatabase in Frameworks */ = {isa = PBXBuildFile; productRef = 20AA4C892D11A1DF0084C0E9 /* FirebaseDatabase */; };
		20AA4C8C2D11A1DF0084C0E9 /* FirebaseDynamicLinks in Frameworks */ = {isa = PBXBuildFile; productRef = 20AA4C8B2D11A1DF0084C0E9 /* FirebaseDynamicLinks */; };
		20AA4C8E2D11A1DF0084C0E9 /* FirebaseFirestore in Frameworks */ = {isa = PBXBuildFile; productRef = 20AA4C8D2D11A1DF0084C0E9 /* FirebaseFirestore */; };
		20AA4C902D11A1DF0084C0E9 /* FirebaseFirestoreCombine-Community in Frameworks */ = {isa = PBXBuildFile; productRef = 20AA4C8F2D11A1DF0084C0E9 /* FirebaseFirestoreCombine-Community */; };
		20AA4C922D11A1DF0084C0E9 /* FirebaseFunctions in Frameworks */ = {isa = PBXBuildFile; productRef = 20AA4C912D11A1DF0084C0E9 /* FirebaseFunctions */; };
		20AA4C942D11A1DF0084C0E9 /* FirebaseFunctionsCombine-Community in Frameworks */ = {isa = PBXBuildFile; productRef = 20AA4C932D11A1DF0084C0E9 /* FirebaseFunctionsCombine-Community */; };
		20AA4C962D11A1DF0084C0E9 /* FirebaseInAppMessaging-Beta in Frameworks */ = {isa = PBXBuildFile; productRef = 20AA4C952D11A1DF0084C0E9 /* FirebaseInAppMessaging-Beta */; };
		20AA4C982D11A1DF0084C0E9 /* FirebaseInstallations in Frameworks */ = {isa = PBXBuildFile; productRef = 20AA4C972D11A1DF0084C0E9 /* FirebaseInstallations */; };
		20AA4C9A2D11A1DF0084C0E9 /* FirebaseMessaging in Frameworks */ = {isa = PBXBuildFile; productRef = 20AA4C992D11A1DF0084C0E9 /* FirebaseMessaging */; };
		20AA4C9C2D11A1DF0084C0E9 /* FirebaseMLModelDownloader in Frameworks */ = {isa = PBXBuildFile; productRef = 20AA4C9B2D11A1DF0084C0E9 /* FirebaseMLModelDownloader */; };
		20AA4C9E2D11A1DF0084C0E9 /* FirebasePerformance in Frameworks */ = {isa = PBXBuildFile; productRef = 20AA4C9D2D11A1DF0084C0E9 /* FirebasePerformance */; };
		20AA4CA02D11A1DF0084C0E9 /* FirebaseRemoteConfig in Frameworks */ = {isa = PBXBuildFile; productRef = 20AA4C9F2D11A1DF0084C0E9 /* FirebaseRemoteConfig */; };
		20AA4CA22D11A1DF0084C0E9 /* FirebaseStorage in Frameworks */ = {isa = PBXBuildFile; productRef = 20AA4CA12D11A1DF0084C0E9 /* FirebaseStorage */; };
		20AA4CA42D11A1DF0084C0E9 /* FirebaseStorageCombine-Community in Frameworks */ = {isa = PBXBuildFile; productRef = 20AA4CA32D11A1DF0084C0E9 /* FirebaseStorageCombine-Community */; };
		20AA4CA62D11A1DF0084C0E9 /* FirebaseVertexAI in Frameworks */ = {isa = PBXBuildFile; productRef = 20AA4CA52D11A1DF0084C0E9 /* FirebaseVertexAI */; };
/* End PBXBuildFile section */

/* Begin PBXFileReference section */
		2027403A2D11719B00F9C359 /* digiBrain.app */ = {isa = PBXFileReference; explicitFileType = wrapper.application; includeInIndex = 0; path = digiBrain.app; sourceTree = BUILT_PRODUCTS_DIR; };
/* End PBXFileReference section */

/* Begin PBXFileSystemSynchronizedRootGroup section */
		2027403C2D11719B00F9C359 /* digiBrain */ = {
			isa = PBXFileSystemSynchronizedRootGroup;
			path = digiBrain;
			sourceTree = "<group>";
		};
/* End PBXFileSystemSynchronizedRootGroup section */

/* Begin PBXFrameworksBuildPhase section */
		202740372D11719B00F9C359 /* Frameworks */ = {
			isa = PBXFrameworksBuildPhase;
			buildActionMask = 2147483647;
			files = (
				20AA4C9A2D11A1DF0084C0E9 /* FirebaseMessaging in Frameworks */,
				20AA4CA62D11A1DF0084C0E9 /* FirebaseVertexAI in Frameworks */,
				20AA4C902D11A1DF0084C0E9 /* FirebaseFirestoreCombine-Community in Frameworks */,
				20AA4C9E2D11A1DF0084C0E9 /* FirebasePerformance in Frameworks */,
				20AA4CA42D11A1DF0084C0E9 /* FirebaseStorageCombine-Community in Frameworks */,
				20AA4CA02D11A1DF0084C0E9 /* FirebaseRemoteConfig in Frameworks */,
				20AA4C922D11A1DF0084C0E9 /* FirebaseFunctions in Frameworks */,
				20AA4C8A2D11A1DF0084C0E9 /* FirebaseDatabase in Frameworks */,
				20AA4C8C2D11A1DF0084C0E9 /* FirebaseDynamicLinks in Frameworks */,
				20AA4C7E2D11A1DF0084C0E9 /* FirebaseAppCheck in Frameworks */,
				20AA4C822D11A1DF0084C0E9 /* FirebaseAuth in Frameworks */,
				20AA4C782D11A1DF0084C0E9 /* FirebaseAnalytics in Frameworks */,
				20AA4C8E2D11A1DF0084C0E9 /* FirebaseFirestore in Frameworks */,
				20AA4C982D11A1DF0084C0E9 /* FirebaseInstallations in Frameworks */,
				20AA4C942D11A1DF0084C0E9 /* FirebaseFunctionsCombine-Community in Frameworks */,
				20AA4C802D11A1DF0084C0E9 /* FirebaseAppDistribution-Beta in Frameworks */,
				20AA4C9C2D11A1DF0084C0E9 /* FirebaseMLModelDownloader in Frameworks */,
				20AA4C7C2D11A1DF0084C0E9 /* FirebaseAnalyticsWithoutAdIdSupport in Frameworks */,
				20AA4C962D11A1DF0084C0E9 /* FirebaseInAppMessaging-Beta in Frameworks */,
				20AA4C842D11A1DF0084C0E9 /* FirebaseAuthCombine-Community in Frameworks */,
				20AA4C882D11A1DF0084C0E9 /* FirebaseCrashlytics in Frameworks */,
				20AA4CA22D11A1DF0084C0E9 /* FirebaseStorage in Frameworks */,
				20AA4C862D11A1DF0084C0E9 /* FirebaseCore in Frameworks */,
				20AA4C7A2D11A1DF0084C0E9 /* FirebaseAnalyticsOnDeviceConversion in Frameworks */,
			);
			runOnlyForDeploymentPostprocessing = 0;
		};
/* End PBXFrameworksBuildPhase section */

/* Begin PBXGroup section */
		202740312D11719B00F9C359 = {
			isa = PBXGroup;
			children = (
				2027403C2D11719B00F9C359 /* digiBrain */,
				20AA4C762D11A1DF0084C0E9 /* Frameworks */,
				2027403B2D11719B00F9C359 /* Products */,
			);
			sourceTree = "<group>";
		};
		2027403B2D11719B00F9C359 /* Products */ = {
			isa = PBXGroup;
			children = (
				2027403A2D11719B00F9C359 /* digiBrain.app */,
			);
			name = Products;
			sourceTree = "<group>";
		};
		20AA4C762D11A1DF0084C0E9 /* Frameworks */ = {
			isa = PBXGroup;
			children = (
			);
			name = Frameworks;
			sourceTree = "<group>";
		};
/* End PBXGroup section */

/* Begin PBXNativeTarget section */
		202740392D11719B00F9C359 /* digiBrain */ = {
			isa = PBXNativeTarget;
			buildConfigurationList = 2027404A2D11719D00F9C359 /* Build configuration list for PBXNativeTarget "digiBrain" */;
			buildPhases = (
				202740362D11719B00F9C359 /* Sources */,
				202740372D11719B00F9C359 /* Frameworks */,
				202740382D11719B00F9C359 /* Resources */,
			);
			buildRules = (
			);
			dependencies = (
			);
			fileSystemSynchronizedGroups = (
				2027403C2D11719B00F9C359 /* digiBrain */,
			);
			name = digiBrain;
			packageProductDependencies = (
				20AA4C772D11A1DF0084C0E9 /* FirebaseAnalytics */,
				20AA4C792D11A1DF0084C0E9 /* FirebaseAnalyticsOnDeviceConversion */,
				20AA4C7B2D11A1DF0084C0E9 /* FirebaseAnalyticsWithoutAdIdSupport */,
				20AA4C7D2D11A1DF0084C0E9 /* FirebaseAppCheck */,
				20AA4C7F2D11A1DF0084C0E9 /* FirebaseAppDistribution-Beta */,
				20AA4C812D11A1DF0084C0E9 /* FirebaseAuth */,
				20AA4C832D11A1DF0084C0E9 /* FirebaseAuthCombine-Community */,
				20AA4C852D11A1DF0084C0E9 /* FirebaseCore */,
				20AA4C872D11A1DF0084C0E9 /* FirebaseCrashlytics */,
				20AA4C892D11A1DF0084C0E9 /* FirebaseDatabase */,
				20AA4C8B2D11A1DF0084C0E9 /* FirebaseDynamicLinks */,
				20AA4C8D2D11A1DF0084C0E9 /* FirebaseFirestore */,
				20AA4C8F2D11A1DF0084C0E9 /* FirebaseFirestoreCombine-Community */,
				20AA4C912D11A1DF0084C0E9 /* FirebaseFunctions */,
				20AA4C932D11A1DF0084C0E9 /* FirebaseFunctionsCombine-Community */,
				20AA4C952D11A1DF0084C0E9 /* FirebaseInAppMessaging-Beta */,
				20AA4C972D11A1DF0084C0E9 /* FirebaseInstallations */,
				20AA4C992D11A1DF0084C0E9 /* FirebaseMessaging */,
				20AA4C9B2D11A1DF0084C0E9 /* FirebaseMLModelDownloader */,
				20AA4C9D2D11A1DF0084C0E9 /* FirebasePerformance */,
				20AA4C9F2D11A1DF0084C0E9 /* FirebaseRemoteConfig */,
				20AA4CA12D11A1DF0084C0E9 /* FirebaseStorage */,
				20AA4CA32D11A1DF0084C0E9 /* FirebaseStorageCombine-Community */,
				20AA4CA52D11A1DF0084C0E9 /* FirebaseVertexAI */,
			);
			productName = digiBrain;
			productReference = 2027403A2D11719B00F9C359 /* digiBrain.app */;
			productType = "com.apple.product-type.application";
		};
/* End PBXNativeTarget section */

/* Begin PBXProject section */
		202740322D11719B00F9C359 /* Project object */ = {
			isa = PBXProject;
			attributes = {
				BuildIndependentTargetsInParallel = 1;
				LastSwiftUpdateCheck = 1620;
				LastUpgradeCheck = 1620;
				TargetAttributes = {
					202740392D11719B00F9C359 = {
						CreatedOnToolsVersion = 16.2;
					};
				};
			};
			buildConfigurationList = 202740352D11719B00F9C359 /* Build configuration list for PBXProject "digiBrain" */;
			developmentRegion = en;
			hasScannedForEncodings = 0;
			knownRegions = (
				en,
				Base,
			);
			mainGroup = 202740312D11719B00F9C359;
			minimizedProjectReferenceProxies = 1;
			packageReferences = (
				20AA4C752D119F9B0084C0E9 /* XCRemoteSwiftPackageReference "firebase-ios-sdk" */,
			);
			preferredProjectObjectVersion = 77;
			productRefGroup = 2027403B2D11719B00F9C359 /* Products */;
			projectDirPath = "";
			projectRoot = "";
			targets = (
				202740392D11719B00F9C359 /* digiBrain */,
			);
		};
/* End PBXProject section */

/* Begin PBXResourcesBuildPhase section */
		202740382D11719B00F9C359 /* Resources */ = {
			isa = PBXResourcesBuildPhase;
			buildActionMask = 2147483647;
			files = (
			);
			runOnlyForDeploymentPostprocessing = 0;
		};
/* End PBXResourcesBuildPhase section */

/* Begin PBXSourcesBuildPhase section */
		202740362D11719B00F9C359 /* Sources */ = {
			isa = PBXSourcesBuildPhase;
			buildActionMask = 2147483647;
			files = (
			);
			runOnlyForDeploymentPostprocessing = 0;
		};
/* End PBXSourcesBuildPhase section */

/* Begin XCBuildConfiguration section */
		202740482D11719D00F9C359 /* Debug */ = {
			isa = XCBuildConfiguration;
			buildSettings = {
				ALWAYS_SEARCH_USER_PATHS = NO;
				ASSETCATALOG_COMPILER_GENERATE_SWIFT_ASSET_SYMBOL_EXTENSIONS = YES;
				CLANG_ANALYZER_NONNULL = YES;
				CLANG_ANALYZER_NUMBER_OBJECT_CONVERSION = YES_AGGRESSIVE;
				CLANG_CXX_LANGUAGE_STANDARD = "gnu++20";
				CLANG_ENABLE_MODULES = YES;
				CLANG_ENABLE_OBJC_ARC = YES;
				CLANG_ENABLE_OBJC_WEAK = YES;
				CLANG_WARN_BLOCK_CAPTURE_AUTORELEASING = YES;
				CLANG_WARN_BOOL_CONVERSION = YES;
				CLANG_WARN_COMMA = YES;
				CLANG_WARN_CONSTANT_CONVERSION = YES;
				CLANG_WARN_DEPRECATED_OBJC_IMPLEMENTATIONS = YES;
				CLANG_WARN_DIRECT_OBJC_ISA_USAGE = YES_ERROR;
				CLANG_WARN_DOCUMENTATION_COMMENTS = YES;
				CLANG_WARN_EMPTY_BODY = YES;
				CLANG_WARN_ENUM_CONVERSION = YES;
				CLANG_WARN_INFINITE_RECURSION = YES;
				CLANG_WARN_INT_CONVERSION = YES;
				CLANG_WARN_NON_LITERAL_NULL_CONVERSION = YES;
				CLANG_WARN_OBJC_IMPLICIT_RETAIN_SELF = YES;
				CLANG_WARN_OBJC_LITERAL_CONVERSION = YES;
				CLANG_WARN_OBJC_ROOT_CLASS = YES_ERROR;
				CLANG_WARN_QUOTED_INCLUDE_IN_FRAMEWORK_HEADER = YES;
				CLANG_WARN_RANGE_LOOP_ANALYSIS = YES;
				CLANG_WARN_STRICT_PROTOTYPES = YES;
				CLANG_WARN_SUSPICIOUS_MOVE = YES;
				CLANG_WARN_UNGUARDED_AVAILABILITY = YES_AGGRESSIVE;
				CLANG_WARN_UNREACHABLE_CODE = YES;
				CLANG_WARN__DUPLICATE_METHOD_MATCH = YES;
				COPY_PHASE_STRIP = NO;
				DEBUG_INFORMATION_FORMAT = dwarf;
				ENABLE_STRICT_OBJC_MSGSEND = YES;
				ENABLE_TESTABILITY = YES;
				ENABLE_USER_SCRIPT_SANDBOXING = YES;
				GCC_C_LANGUAGE_STANDARD = gnu17;
				GCC_DYNAMIC_NO_PIC = NO;
				GCC_NO_COMMON_BLOCKS = YES;
				GCC_OPTIMIZATION_LEVEL = 0;
				GCC_PREPROCESSOR_DEFINITIONS = (
					"DEBUG=1",
					"$(inherited)",
				);
				GCC_WARN_64_TO_32_BIT_CONVERSION = YES;
				GCC_WARN_ABOUT_RETURN_TYPE = YES_ERROR;
				GCC_WARN_UNDECLARED_SELECTOR = YES;
				GCC_WARN_UNINITIALIZED_AUTOS = YES_AGGRESSIVE;
				GCC_WARN_UNUSED_FUNCTION = YES;
				GCC_WARN_UNUSED_VARIABLE = YES;
				IPHONEOS_DEPLOYMENT_TARGET = 18.2;
				LOCALIZATION_PREFERS_STRING_CATALOGS = YES;
				MTL_ENABLE_DEBUG_INFO = INCLUDE_SOURCE;
				MTL_FAST_MATH = YES;
				ONLY_ACTIVE_ARCH = YES;
				SDKROOT = iphoneos;
				SWIFT_ACTIVE_COMPILATION_CONDITIONS = "DEBUG $(inherited)";
				SWIFT_OPTIMIZATION_LEVEL = "-Onone";
			};
			name = Debug;
		};
		202740492D11719D00F9C359 /* Release */ = {
			isa = XCBuildConfiguration;
			buildSettings = {
				ALWAYS_SEARCH_USER_PATHS = NO;
				ASSETCATALOG_COMPILER_GENERATE_SWIFT_ASSET_SYMBOL_EXTENSIONS = YES;
				CLANG_ANALYZER_NONNULL = YES;
				CLANG_ANALYZER_NUMBER_OBJECT_CONVERSION = YES_AGGRESSIVE;
				CLANG_CXX_LANGUAGE_STANDARD = "gnu++20";
				CLANG_ENABLE_MODULES = YES;
				CLANG_ENABLE_OBJC_ARC = YES;
				CLANG_ENABLE_OBJC_WEAK = YES;
				CLANG_WARN_BLOCK_CAPTURE_AUTORELEASING = YES;
				CLANG_WARN_BOOL_CONVERSION = YES;
				CLANG_WARN_COMMA = YES;
				CLANG_WARN_CONSTANT_CONVERSION = YES;
				CLANG_WARN_DEPRECATED_OBJC_IMPLEMENTATIONS = YES;
				CLANG_WARN_DIRECT_OBJC_ISA_USAGE = YES_ERROR;
				CLANG_WARN_DOCUMENTATION_COMMENTS = YES;
				CLANG_WARN_EMPTY_BODY = YES;
				CLANG_WARN_ENUM_CONVERSION = YES;
				CLANG_WARN_INFINITE_RECURSION = YES;
				CLANG_WARN_INT_CONVERSION = YES;
				CLANG_WARN_NON_LITERAL_NULL_CONVERSION = YES;
				CLANG_WARN_OBJC_IMPLICIT_RETAIN_SELF = YES;
				CLANG_WARN_OBJC_LITERAL_CONVERSION = YES;
				CLANG_WARN_OBJC_ROOT_CLASS = YES_ERROR;
				CLANG_WARN_QUOTED_INCLUDE_IN_FRAMEWORK_HEADER = YES;
				CLANG_WARN_RANGE_LOOP_ANALYSIS = YES;
				CLANG_WARN_STRICT_PROTOTYPES = YES;
				CLANG_WARN_SUSPICIOUS_MOVE = YES;
				CLANG_WARN_UNGUARDED_AVAILABILITY = YES_AGGRESSIVE;
				CLANG_WARN_UNREACHABLE_CODE = YES;
				CLANG_WARN__DUPLICATE_METHOD_MATCH = YES;
				COPY_PHASE_STRIP = NO;
				DEBUG_INFORMATION_FORMAT = "dwarf-with-dsym";
				ENABLE_NS_ASSERTIONS = NO;
				ENABLE_STRICT_OBJC_MSGSEND = YES;
				ENABLE_USER_SCRIPT_SANDBOXING = YES;
				GCC_C_LANGUAGE_STANDARD = gnu17;
				GCC_NO_COMMON_BLOCKS = YES;
				GCC_WARN_64_TO_32_BIT_CONVERSION = YES;
				GCC_WARN_ABOUT_RETURN_TYPE = YES_ERROR;
				GCC_WARN_UNDECLARED_SELECTOR = YES;
				GCC_WARN_UNINITIALIZED_AUTOS = YES_AGGRESSIVE;
				GCC_WARN_UNUSED_FUNCTION = YES;
				GCC_WARN_UNUSED_VARIABLE = YES;
				IPHONEOS_DEPLOYMENT_TARGET = 18.2;
				LOCALIZATION_PREFERS_STRING_CATALOGS = YES;
				MTL_ENABLE_DEBUG_INFO = NO;
				MTL_FAST_MATH = YES;
				SDKROOT = iphoneos;
				SWIFT_COMPILATION_MODE = wholemodule;
				VALIDATE_PRODUCT = YES;
			};
			name = Release;
		};
		2027404B2D11719D00F9C359 /* Debug */ = {
			isa = XCBuildConfiguration;
			buildSettings = {
				ASSETCATALOG_COMPILER_APPICON_NAME = AppIcon;
				ASSETCATALOG_COMPILER_GLOBAL_ACCENT_COLOR_NAME = AccentColor;
				CODE_SIGN_STYLE = Automatic;
				CURRENT_PROJECT_VERSION = 1;
				DEVELOPMENT_ASSET_PATHS = "\"digiBrain/Preview Content\"";
				DEVELOPMENT_TEAM = TCZ67332Z4;
				ENABLE_PREVIEWS = YES;
				GENERATE_INFOPLIST_FILE = YES;
				INFOPLIST_KEY_UIApplicationSceneManifest_Generation = YES;
				INFOPLIST_KEY_UIApplicationSupportsIndirectInputEvents = YES;
				INFOPLIST_KEY_UILaunchScreen_Generation = YES;
				INFOPLIST_KEY_UISupportedInterfaceOrientations_iPad = "UIInterfaceOrientationPortrait UIInterfaceOrientationPortraitUpsideDown UIInterfaceOrientationLandscapeLeft UIInterfaceOrientationLandscapeRight";
				INFOPLIST_KEY_UISupportedInterfaceOrientations_iPhone = "UIInterfaceOrientationPortrait UIInterfaceOrientationLandscapeLeft UIInterfaceOrientationLandscapeRight";
				LD_RUNPATH_SEARCH_PATHS = (
					"$(inherited)",
					"@executable_path/Frameworks",
				);
				MARKETING_VERSION = 1.0;
				PRODUCT_BUNDLE_IDENTIFIER = areeb.digiBrain;
				PRODUCT_NAME = "$(TARGET_NAME)";
				SWIFT_EMIT_LOC_STRINGS = YES;
				SWIFT_VERSION = 5.0;
				TARGETED_DEVICE_FAMILY = "1,2";
			};
			name = Debug;
		};
		2027404C2D11719D00F9C359 /* Release */ = {
			isa = XCBuildConfiguration;
			buildSettings = {
				ASSETCATALOG_COMPILER_APPICON_NAME = AppIcon;
				ASSETCATALOG_COMPILER_GLOBAL_ACCENT_COLOR_NAME = AccentColor;
				CODE_SIGN_STYLE = Automatic;
				CURRENT_PROJECT_VERSION = 1;
				DEVELOPMENT_ASSET_PATHS = "\"digiBrain/Preview Content\"";
				DEVELOPMENT_TEAM = TCZ67332Z4;
				ENABLE_PREVIEWS = YES;
				GENERATE_INFOPLIST_FILE = YES;
				INFOPLIST_KEY_UIApplicationSceneManifest_Generation = YES;
				INFOPLIST_KEY_UIApplicationSupportsIndirectInputEvents = YES;
				INFOPLIST_KEY_UILaunchScreen_Generation = YES;
				INFOPLIST_KEY_UISupportedInterfaceOrientations_iPad = "UIInterfaceOrientationPortrait UIInterfaceOrientationPortraitUpsideDown UIInterfaceOrientationLandscapeLeft UIInterfaceOrientationLandscapeRight";
				INFOPLIST_KEY_UISupportedInterfaceOrientations_iPhone = "UIInterfaceOrientationPortrait UIInterfaceOrientationLandscapeLeft UIInterfaceOrientationLandscapeRight";
				LD_RUNPATH_SEARCH_PATHS = (
					"$(inherited)",
					"@executable_path/Frameworks",
				);
				MARKETING_VERSION = 1.0;
				PRODUCT_BUNDLE_IDENTIFIER = areeb.digiBrain;
				PRODUCT_NAME = "$(TARGET_NAME)";
				SWIFT_EMIT_LOC_STRINGS = YES;
				SWIFT_VERSION = 5.0;
				TARGETED_DEVICE_FAMILY = "1,2";
			};
			name = Release;
		};
/* End XCBuildConfiguration section */

/* Begin XCConfigurationList section */
		202740352D11719B00F9C359 /* Build configuration list for PBXProject "digiBrain" */ = {
			isa = XCConfigurationList;
			buildConfigurations = (
				202740482D11719D00F9C359 /* Debug */,
				202740492D11719D00F9C359 /* Release */,
			);
			defaultConfigurationIsVisible = 0;
			defaultConfigurationName = Release;
		};
		2027404A2D11719D00F9C359 /* Build configuration list for PBXNativeTarget "digiBrain" */ = {
			isa = XCConfigurationList;
			buildConfigurations = (
				2027404B2D11719D00F9C359 /* Debug */,
				2027404C2D11719D00F9C359 /* Release */,
			);
			defaultConfigurationIsVisible = 0;
			defaultConfigurationName = Release;
		};
/* End XCConfigurationList section */

/* Begin XCRemoteSwiftPackageReference section */
		20AA4C752D119F9B0084C0E9 /* XCRemoteSwiftPackageReference "firebase-ios-sdk" */ = {
			isa = XCRemoteSwiftPackageReference;
			repositoryURL = "https://github.com/firebase/firebase-ios-sdk";
			requirement = {
				kind = upToNextMajorVersion;
				minimumVersion = 11.6.0;
			};
		};
/* End XCRemoteSwiftPackageReference section */

/* Begin XCSwiftPackageProductDependency section */
		20AA4C772D11A1DF0084C0E9 /* FirebaseAnalytics */ = {
			isa = XCSwiftPackageProductDependency;
			package = 20AA4C752D119F9B0084C0E9 /* XCRemoteSwiftPackageReference "firebase-ios-sdk" */;
			productName = FirebaseAnalytics;
		};
		20AA4C792D11A1DF0084C0E9 /* FirebaseAnalyticsOnDeviceConversion */ = {
			isa = XCSwiftPackageProductDependency;
			package = 20AA4C752D119F9B0084C0E9 /* XCRemoteSwiftPackageReference "firebase-ios-sdk" */;
			productName = FirebaseAnalyticsOnDeviceConversion;
		};
		20AA4C7B2D11A1DF0084C0E9 /* FirebaseAnalyticsWithoutAdIdSupport */ = {
			isa = XCSwiftPackageProductDependency;
			package = 20AA4C752D119F9B0084C0E9 /* XCRemoteSwiftPackageReference "firebase-ios-sdk" */;
			productName = FirebaseAnalyticsWithoutAdIdSupport;
		};
		20AA4C7D2D11A1DF0084C0E9 /* FirebaseAppCheck */ = {
			isa = XCSwiftPackageProductDependency;
			package = 20AA4C752D119F9B0084C0E9 /* XCRemoteSwiftPackageReference "firebase-ios-sdk" */;
			productName = FirebaseAppCheck;
		};
		20AA4C7F2D11A1DF0084C0E9 /* FirebaseAppDistribution-Beta */ = {
			isa = XCSwiftPackageProductDependency;
			package = 20AA4C752D119F9B0084C0E9 /* XCRemoteSwiftPackageReference "firebase-ios-sdk" */;
			productName = "FirebaseAppDistribution-Beta";
		};
		20AA4C812D11A1DF0084C0E9 /* FirebaseAuth */ = {
			isa = XCSwiftPackageProductDependency;
			package = 20AA4C752D119F9B0084C0E9 /* XCRemoteSwiftPackageReference "firebase-ios-sdk" */;
			productName = FirebaseAuth;
		};
		20AA4C832D11A1DF0084C0E9 /* FirebaseAuthCombine-Community */ = {
			isa = XCSwiftPackageProductDependency;
			package = 20AA4C752D119F9B0084C0E9 /* XCRemoteSwiftPackageReference "firebase-ios-sdk" */;
			productName = "FirebaseAuthCombine-Community";
		};
		20AA4C852D11A1DF0084C0E9 /* FirebaseCore */ = {
			isa = XCSwiftPackageProductDependency;
			package = 20AA4C752D119F9B0084C0E9 /* XCRemoteSwiftPackageReference "firebase-ios-sdk" */;
			productName = FirebaseCore;
		};
		20AA4C872D11A1DF0084C0E9 /* FirebaseCrashlytics */ = {
			isa = XCSwiftPackageProductDependency;
			package = 20AA4C752D119F9B0084C0E9 /* XCRemoteSwiftPackageReference "firebase-ios-sdk" */;
			productName = FirebaseCrashlytics;
		};
		20AA4C892D11A1DF0084C0E9 /* FirebaseDatabase */ = {
			isa = XCSwiftPackageProductDependency;
			package = 20AA4C752D119F9B0084C0E9 /* XCRemoteSwiftPackageReference "firebase-ios-sdk" */;
			productName = FirebaseDatabase;
		};
		20AA4C8B2D11A1DF0084C0E9 /* FirebaseDynamicLinks */ = {
			isa = XCSwiftPackageProductDependency;
			package = 20AA4C752D119F9B0084C0E9 /* XCRemoteSwiftPackageReference "firebase-ios-sdk" */;
			productName = FirebaseDynamicLinks;
		};
		20AA4C8D2D11A1DF0084C0E9 /* FirebaseFirestore */ = {
			isa = XCSwiftPackageProductDependency;
			package = 20AA4C752D119F9B0084C0E9 /* XCRemoteSwiftPackageReference "firebase-ios-sdk" */;
			productName = FirebaseFirestore;
		};
		20AA4C8F2D11A1DF0084C0E9 /* FirebaseFirestoreCombine-Community */ = {
			isa = XCSwiftPackageProductDependency;
			package = 20AA4C752D119F9B0084C0E9 /* XCRemoteSwiftPackageReference "firebase-ios-sdk" */;
			productName = "FirebaseFirestoreCombine-Community";
		};
		20AA4C912D11A1DF0084C0E9 /* FirebaseFunctions */ = {
			isa = XCSwiftPackageProductDependency;
			package = 20AA4C752D119F9B0084C0E9 /* XCRemoteSwiftPackageReference "firebase-ios-sdk" */;
			productName = FirebaseFunctions;
		};
		20AA4C932D11A1DF0084C0E9 /* FirebaseFunctionsCombine-Community */ = {
			isa = XCSwiftPackageProductDependency;
			package = 20AA4C752D119F9B0084C0E9 /* XCRemoteSwiftPackageReference "firebase-ios-sdk" */;
			productName = "FirebaseFunctionsCombine-Community";
		};
		20AA4C952D11A1DF0084C0E9 /* FirebaseInAppMessaging-Beta */ = {
			isa = XCSwiftPackageProductDependency;
			package = 20AA4C752D119F9B0084C0E9 /* XCRemoteSwiftPackageReference "firebase-ios-sdk" */;
			productName = "FirebaseInAppMessaging-Beta";
		};
		20AA4C972D11A1DF0084C0E9 /* FirebaseInstallations */ = {
			isa = XCSwiftPackageProductDependency;
			package = 20AA4C752D119F9B0084C0E9 /* XCRemoteSwiftPackageReference "firebase-ios-sdk" */;
			productName = FirebaseInstallations;
		};
		20AA4C992D11A1DF0084C0E9 /* FirebaseMessaging */ = {
			isa = XCSwiftPackageProductDependency;
			package = 20AA4C752D119F9B0084C0E9 /* XCRemoteSwiftPackageReference "firebase-ios-sdk" */;
			productName = FirebaseMessaging;
		};
		20AA4C9B2D11A1DF0084C0E9 /* FirebaseMLModelDownloader */ = {
			isa = XCSwiftPackageProductDependency;
			package = 20AA4C752D119F9B0084C0E9 /* XCRemoteSwiftPackageReference "firebase-ios-sdk" */;
			productName = FirebaseMLModelDownloader;
		};
		20AA4C9D2D11A1DF0084C0E9 /* FirebasePerformance */ = {
			isa = XCSwiftPackageProductDependency;
			package = 20AA4C752D119F9B0084C0E9 /* XCRemoteSwiftPackageReference "firebase-ios-sdk" */;
			productName = FirebasePerformance;
		};
		20AA4C9F2D11A1DF0084C0E9 /* FirebaseRemoteConfig */ = {
			isa = XCSwiftPackageProductDependency;
			package = 20AA4C752D119F9B0084C0E9 /* XCRemoteSwiftPackageReference "firebase-ios-sdk" */;
			productName = FirebaseRemoteConfig;
		};
		20AA4CA12D11A1DF0084C0E9 /* FirebaseStorage */ = {
			isa = XCSwiftPackageProductDependency;
			package = 20AA4C752D119F9B0084C0E9 /* XCRemoteSwiftPackageReference "firebase-ios-sdk" */;
			productName = FirebaseStorage;
		};
		20AA4CA32D11A1DF0084C0E9 /* FirebaseStorageCombine-Community */ = {
			isa = XCSwiftPackageProductDependency;
			package = 20AA4C752D119F9B0084C0E9 /* XCRemoteSwiftPackageReference "firebase-ios-sdk" */;
			productName = "FirebaseStorageCombine-Community";
		};
		20AA4CA52D11A1DF0084C0E9 /* FirebaseVertexAI */ = {
			isa = XCSwiftPackageProductDependency;
			package = 20AA4C752D119F9B0084C0E9 /* XCRemoteSwiftPackageReference "firebase-ios-sdk" */;
			productName = FirebaseVertexAI;
		};
/* End XCSwiftPackageProductDependency section */
	};
	rootObject = 202740322D11719B00F9C359 /* Project object */;
}
